// !$*UTF8*$!
{
	archiveVersion = 1;
	classes = {
	};
	objectVersion = 50;
	objects = {

/* Begin PBXBuildFile section */
		9F825F7226B94E350039F17E /* AppDelegate.swift in Sources */ = {isa = PBXBuildFile; fileRef = 9F825F7126B94E350039F17E /* AppDelegate.swift */; };
		9F825F7426B94E350039F17E /* SceneDelegate.swift in Sources */ = {isa = PBXBuildFile; fileRef = 9F825F7326B94E350039F17E /* SceneDelegate.swift */; };
		9F825F7626B94E350039F17E /* ViewController.swift in Sources */ = {isa = PBXBuildFile; fileRef = 9F825F7526B94E350039F17E /* ViewController.swift */; };
		9F825F7926B94E350039F17E /* Main.storyboard in Resources */ = {isa = PBXBuildFile; fileRef = 9F825F7726B94E350039F17E /* Main.storyboard */; };
		9F825F7C26B94E350039F17E /* MVVM_RXSWIFT_COREDATA.xcdatamodeld in Sources */ = {isa = PBXBuildFile; fileRef = 9F825F7A26B94E350039F17E /* MVVM_RXSWIFT_COREDATA.xcdatamodeld */; };
		9F825F7E26B94E380039F17E /* Assets.xcassets in Resources */ = {isa = PBXBuildFile; fileRef = 9F825F7D26B94E380039F17E /* Assets.xcassets */; };
		9F825F8126B94E380039F17E /* LaunchScreen.storyboard in Resources */ = {isa = PBXBuildFile; fileRef = 9F825F7F26B94E380039F17E /* LaunchScreen.storyboard */; };
		9F825F8C26B94E380039F17E /* MVVM_RXSWIFT_COREDATATests.swift in Sources */ = {isa = PBXBuildFile; fileRef = 9F825F8B26B94E380039F17E /* MVVM_RXSWIFT_COREDATATests.swift */; };
		9F825F9726B94E380039F17E /* MVVM_RXSWIFT_COREDATAUITests.swift in Sources */ = {isa = PBXBuildFile; fileRef = 9F825F9626B94E380039F17E /* MVVM_RXSWIFT_COREDATAUITests.swift */; };
/* End PBXBuildFile section */

/* Begin PBXContainerItemProxy section */
		9F825F8826B94E380039F17E /* PBXContainerItemProxy */ = {
			isa = PBXContainerItemProxy;
			containerPortal = 9F825F6626B94E350039F17E /* Project object */;
			proxyType = 1;
			remoteGlobalIDString = 9F825F6D26B94E350039F17E;
			remoteInfo = "MVVM+RXSWIFT+COREDATA";
		};
		9F825F9326B94E380039F17E /* PBXContainerItemProxy */ = {
			isa = PBXContainerItemProxy;
			containerPortal = 9F825F6626B94E350039F17E /* Project object */;
			proxyType = 1;
			remoteGlobalIDString = 9F825F6D26B94E350039F17E;
			remoteInfo = "MVVM+RXSWIFT+COREDATA";
		};
/* End PBXContainerItemProxy section */

/* Begin PBXFileReference section */
		9F825F6E26B94E350039F17E /* MVVM+RXSWIFT+COREDATA.app */ = {isa = PBXFileReference; explicitFileType = wrapper.application; includeInIndex = 0; path = "MVVM+RXSWIFT+COREDATA.app"; sourceTree = BUILT_PRODUCTS_DIR; };
		9F825F7126B94E350039F17E /* AppDelegate.swift */ = {isa = PBXFileReference; lastKnownFileType = sourcecode.swift; path = AppDelegate.swift; sourceTree = "<group>"; };
		9F825F7326B94E350039F17E /* SceneDelegate.swift */ = {isa = PBXFileReference; lastKnownFileType = sourcecode.swift; path = SceneDelegate.swift; sourceTree = "<group>"; };
		9F825F7526B94E350039F17E /* ViewController.swift */ = {isa = PBXFileReference; lastKnownFileType = sourcecode.swift; path = ViewController.swift; sourceTree = "<group>"; };
		9F825F7826B94E350039F17E /* Base */ = {isa = PBXFileReference; lastKnownFileType = file.storyboard; name = Base; path = Base.lproj/Main.storyboard; sourceTree = "<group>"; };
		9F825F7B26B94E350039F17E /* MVVM_RXSWIFT_COREDATA.xcdatamodel */ = {isa = PBXFileReference; lastKnownFileType = wrapper.xcdatamodel; path = MVVM_RXSWIFT_COREDATA.xcdatamodel; sourceTree = "<group>"; };
		9F825F7D26B94E380039F17E /* Assets.xcassets */ = {isa = PBXFileReference; lastKnownFileType = folder.assetcatalog; path = Assets.xcassets; sourceTree = "<group>"; };
		9F825F8026B94E380039F17E /* Base */ = {isa = PBXFileReference; lastKnownFileType = file.storyboard; name = Base; path = Base.lproj/LaunchScreen.storyboard; sourceTree = "<group>"; };
		9F825F8226B94E380039F17E /* Info.plist */ = {isa = PBXFileReference; lastKnownFileType = text.plist.xml; path = Info.plist; sourceTree = "<group>"; };
		9F825F8726B94E380039F17E /* MVVM+RXSWIFT+COREDATATests.xctest */ = {isa = PBXFileReference; explicitFileType = wrapper.cfbundle; includeInIndex = 0; path = "MVVM+RXSWIFT+COREDATATests.xctest"; sourceTree = BUILT_PRODUCTS_DIR; };
		9F825F8B26B94E380039F17E /* MVVM_RXSWIFT_COREDATATests.swift */ = {isa = PBXFileReference; lastKnownFileType = sourcecode.swift; path = MVVM_RXSWIFT_COREDATATests.swift; sourceTree = "<group>"; };
		9F825F8D26B94E380039F17E /* Info.plist */ = {isa = PBXFileReference; lastKnownFileType = text.plist.xml; path = Info.plist; sourceTree = "<group>"; };
		9F825F9226B94E380039F17E /* MVVM+RXSWIFT+COREDATAUITests.xctest */ = {isa = PBXFileReference; explicitFileType = wrapper.cfbundle; includeInIndex = 0; path = "MVVM+RXSWIFT+COREDATAUITests.xctest"; sourceTree = BUILT_PRODUCTS_DIR; };
		9F825F9626B94E380039F17E /* MVVM_RXSWIFT_COREDATAUITests.swift */ = {isa = PBXFileReference; lastKnownFileType = sourcecode.swift; path = MVVM_RXSWIFT_COREDATAUITests.swift; sourceTree = "<group>"; };
		9F825F9826B94E380039F17E /* Info.plist */ = {isa = PBXFileReference; lastKnownFileType = text.plist.xml; path = Info.plist; sourceTree = "<group>"; };
/* End PBXFileReference section */

/* Begin PBXFrameworksBuildPhase section */
		9F825F6B26B94E350039F17E /* Frameworks */ = {
			isa = PBXFrameworksBuildPhase;
			buildActionMask = 2147483647;
			files = (
			);
			runOnlyForDeploymentPostprocessing = 0;
		};
		9F825F8426B94E380039F17E /* Frameworks */ = {
			isa = PBXFrameworksBuildPhase;
			buildActionMask = 2147483647;
			files = (
			);
			runOnlyForDeploymentPostprocessing = 0;
		};
		9F825F8F26B94E380039F17E /* Frameworks */ = {
			isa = PBXFrameworksBuildPhase;
			buildActionMask = 2147483647;
			files = (
			);
			runOnlyForDeploymentPostprocessing = 0;
		};
/* End PBXFrameworksBuildPhase section */

/* Begin PBXGroup section */
		9F825F6526B94E350039F17E = {
			isa = PBXGroup;
			children = (
				9F825F7026B94E350039F17E /* MVVM+RXSWIFT+COREDATA */,
				9F825F8A26B94E380039F17E /* MVVM+RXSWIFT+COREDATATests */,
				9F825F9526B94E380039F17E /* MVVM+RXSWIFT+COREDATAUITests */,
				9F825F6F26B94E350039F17E /* Products */,
			);
			sourceTree = "<group>";
		};
		9F825F6F26B94E350039F17E /* Products */ = {
			isa = PBXGroup;
			children = (
				9F825F6E26B94E350039F17E /* MVVM+RXSWIFT+COREDATA.app */,
				9F825F8726B94E380039F17E /* MVVM+RXSWIFT+COREDATATests.xctest */,
				9F825F9226B94E380039F17E /* MVVM+RXSWIFT+COREDATAUITests.xctest */,
			);
			name = Products;
			sourceTree = "<group>";
		};
		9F825F7026B94E350039F17E /* MVVM+RXSWIFT+COREDATA */ = {
			isa = PBXGroup;
			children = (
				9F825F7126B94E350039F17E /* AppDelegate.swift */,
				9F825F7326B94E350039F17E /* SceneDelegate.swift */,
				9F825F7526B94E350039F17E /* ViewController.swift */,
				9F825F7726B94E350039F17E /* Main.storyboard */,
				9F825F7D26B94E380039F17E /* Assets.xcassets */,
				9F825F7F26B94E380039F17E /* LaunchScreen.storyboard */,
				9F825F8226B94E380039F17E /* Info.plist */,
				9F825F7A26B94E350039F17E /* MVVM_RXSWIFT_COREDATA.xcdatamodeld */,
			);
			path = "MVVM+RXSWIFT+COREDATA";
			sourceTree = "<group>";
		};
		9F825F8A26B94E380039F17E /* MVVM+RXSWIFT+COREDATATests */ = {
			isa = PBXGroup;
			children = (
				9F825F8B26B94E380039F17E /* MVVM_RXSWIFT_COREDATATests.swift */,
				9F825F8D26B94E380039F17E /* Info.plist */,
			);
			path = "MVVM+RXSWIFT+COREDATATests";
			sourceTree = "<group>";
		};
		9F825F9526B94E380039F17E /* MVVM+RXSWIFT+COREDATAUITests */ = {
			isa = PBXGroup;
			children = (
				9F825F9626B94E380039F17E /* MVVM_RXSWIFT_COREDATAUITests.swift */,
				9F825F9826B94E380039F17E /* Info.plist */,
			);
			path = "MVVM+RXSWIFT+COREDATAUITests";
			sourceTree = "<group>";
		};
/* End PBXGroup section */

/* Begin PBXNativeTarget section */
		9F825F6D26B94E350039F17E /* MVVM+RXSWIFT+COREDATA */ = {
			isa = PBXNativeTarget;
			buildConfigurationList = 9F825F9B26B94E380039F17E /* Build configuration list for PBXNativeTarget "MVVM+RXSWIFT+COREDATA" */;
			buildPhases = (
				9F825F6A26B94E350039F17E /* Sources */,
				9F825F6B26B94E350039F17E /* Frameworks */,
				9F825F6C26B94E350039F17E /* Resources */,
			);
			buildRules = (
			);
			dependencies = (
			);
			name = "MVVM+RXSWIFT+COREDATA";
			productName = "MVVM+RXSWIFT+COREDATA";
			productReference = 9F825F6E26B94E350039F17E /* MVVM+RXSWIFT+COREDATA.app */;
			productType = "com.apple.product-type.application";
		};
		9F825F8626B94E380039F17E /* MVVM+RXSWIFT+COREDATATests */ = {
			isa = PBXNativeTarget;
			buildConfigurationList = 9F825F9E26B94E380039F17E /* Build configuration list for PBXNativeTarget "MVVM+RXSWIFT+COREDATATests" */;
			buildPhases = (
				9F825F8326B94E380039F17E /* Sources */,
				9F825F8426B94E380039F17E /* Frameworks */,
				9F825F8526B94E380039F17E /* Resources */,
			);
			buildRules = (
			);
			dependencies = (
				9F825F8926B94E380039F17E /* PBXTargetDependency */,
			);
			name = "MVVM+RXSWIFT+COREDATATests";
			productName = "MVVM+RXSWIFT+COREDATATests";
			productReference = 9F825F8726B94E380039F17E /* MVVM+RXSWIFT+COREDATATests.xctest */;
			productType = "com.apple.product-type.bundle.unit-test";
		};
		9F825F9126B94E380039F17E /* MVVM+RXSWIFT+COREDATAUITests */ = {
			isa = PBXNativeTarget;
			buildConfigurationList = 9F825FA126B94E380039F17E /* Build configuration list for PBXNativeTarget "MVVM+RXSWIFT+COREDATAUITests" */;
			buildPhases = (
				9F825F8E26B94E380039F17E /* Sources */,
				9F825F8F26B94E380039F17E /* Frameworks */,
				9F825F9026B94E380039F17E /* Resources */,
			);
			buildRules = (
			);
			dependencies = (
				9F825F9426B94E380039F17E /* PBXTargetDependency */,
			);
			name = "MVVM+RXSWIFT+COREDATAUITests";
			productName = "MVVM+RXSWIFT+COREDATAUITests";
			productReference = 9F825F9226B94E380039F17E /* MVVM+RXSWIFT+COREDATAUITests.xctest */;
			productType = "com.apple.product-type.bundle.ui-testing";
		};
/* End PBXNativeTarget section */

/* Begin PBXProject section */
		9F825F6626B94E350039F17E /* Project object */ = {
			isa = PBXProject;
			attributes = {
				LastSwiftUpdateCheck = 1250;
				LastUpgradeCheck = 1250;
				TargetAttributes = {
					9F825F6D26B94E350039F17E = {
						CreatedOnToolsVersion = 12.5.1;
					};
					9F825F8626B94E380039F17E = {
						CreatedOnToolsVersion = 12.5.1;
						TestTargetID = 9F825F6D26B94E350039F17E;
					};
					9F825F9126B94E380039F17E = {
						CreatedOnToolsVersion = 12.5.1;
						TestTargetID = 9F825F6D26B94E350039F17E;
					};
				};
			};
			buildConfigurationList = 9F825F6926B94E350039F17E /* Build configuration list for PBXProject "MVVM+RXSWIFT+COREDATA" */;
			compatibilityVersion = "Xcode 9.3";
			developmentRegion = en;
			hasScannedForEncodings = 0;
			knownRegions = (
				en,
				Base,
			);
			mainGroup = 9F825F6526B94E350039F17E;
			productRefGroup = 9F825F6F26B94E350039F17E /* Products */;
			projectDirPath = "";
			projectRoot = "";
			targets = (
				9F825F6D26B94E350039F17E /* MVVM+RXSWIFT+COREDATA */,
				9F825F8626B94E380039F17E /* MVVM+RXSWIFT+COREDATATests */,
				9F825F9126B94E380039F17E /* MVVM+RXSWIFT+COREDATAUITests */,
			);
		};
/* End PBXProject section */

/* Begin PBXResourcesBuildPhase section */
		9F825F6C26B94E350039F17E /* Resources */ = {
			isa = PBXResourcesBuildPhase;
			buildActionMask = 2147483647;
			files = (
				9F825F8126B94E380039F17E /* LaunchScreen.storyboard in Resources */,
				9F825F7E26B94E380039F17E /* Assets.xcassets in Resources */,
				9F825F7926B94E350039F17E /* Main.storyboard in Resources */,
			);
			runOnlyForDeploymentPostprocessing = 0;
		};
		9F825F8526B94E380039F17E /* Resources */ = {
			isa = PBXResourcesBuildPhase;
			buildActionMask = 2147483647;
			files = (
			);
			runOnlyForDeploymentPostprocessing = 0;
		};
		9F825F9026B94E380039F17E /* Resources */ = {
			isa = PBXResourcesBuildPhase;
			buildActionMask = 2147483647;
			files = (
			);
			runOnlyForDeploymentPostprocessing = 0;
		};
/* End PBXResourcesBuildPhase section */

/* Begin PBXSourcesBuildPhase section */
		9F825F6A26B94E350039F17E /* Sources */ = {
			isa = PBXSourcesBuildPhase;
			buildActionMask = 2147483647;
			files = (
				9F825F7C26B94E350039F17E /* MVVM_RXSWIFT_COREDATA.xcdatamodeld in Sources */,
				9F825F7626B94E350039F17E /* ViewController.swift in Sources */,
				9F825F7226B94E350039F17E /* AppDelegate.swift in Sources */,
				9F825F7426B94E350039F17E /* SceneDelegate.swift in Sources */,
			);
			runOnlyForDeploymentPostprocessing = 0;
		};
		9F825F8326B94E380039F17E /* Sources */ = {
			isa = PBXSourcesBuildPhase;
			buildActionMask = 2147483647;
			files = (
				9F825F8C26B94E380039F17E /* MVVM_RXSWIFT_COREDATATests.swift in Sources */,
			);
			runOnlyForDeploymentPostprocessing = 0;
		};
		9F825F8E26B94E380039F17E /* Sources */ = {
			isa = PBXSourcesBuildPhase;
			buildActionMask = 2147483647;
			files = (
				9F825F9726B94E380039F17E /* MVVM_RXSWIFT_COREDATAUITests.swift in Sources */,
			);
			runOnlyForDeploymentPostprocessing = 0;
		};
/* End PBXSourcesBuildPhase section */

/* Begin PBXTargetDependency section */
		9F825F8926B94E380039F17E /* PBXTargetDependency */ = {
			isa = PBXTargetDependency;
			target = 9F825F6D26B94E350039F17E /* MVVM+RXSWIFT+COREDATA */;
			targetProxy = 9F825F8826B94E380039F17E /* PBXContainerItemProxy */;
		};
		9F825F9426B94E380039F17E /* PBXTargetDependency */ = {
			isa = PBXTargetDependency;
			target = 9F825F6D26B94E350039F17E /* MVVM+RXSWIFT+COREDATA */;
			targetProxy = 9F825F9326B94E380039F17E /* PBXContainerItemProxy */;
		};
/* End PBXTargetDependency section */

/* Begin PBXVariantGroup section */
		9F825F7726B94E350039F17E /* Main.storyboard */ = {
			isa = PBXVariantGroup;
			children = (
				9F825F7826B94E350039F17E /* Base */,
			);
			name = Main.storyboard;
			sourceTree = "<group>";
		};
		9F825F7F26B94E380039F17E /* LaunchScreen.storyboard */ = {
			isa = PBXVariantGroup;
			children = (
				9F825F8026B94E380039F17E /* Base */,
			);
			name = LaunchScreen.storyboard;
			sourceTree = "<group>";
		};
/* End PBXVariantGroup section */

/* Begin XCBuildConfiguration section */
		9F825F9926B94E380039F17E /* Debug */ = {
			isa = XCBuildConfiguration;
			buildSettings = {
				ALWAYS_SEARCH_USER_PATHS = NO;
				CLANG_ANALYZER_NONNULL = YES;
				CLANG_ANALYZER_NUMBER_OBJECT_CONVERSION = YES_AGGRESSIVE;
				CLANG_CXX_LANGUAGE_STANDARD = "gnu++14";
				CLANG_CXX_LIBRARY = "libc++";
				CLANG_ENABLE_MODULES = YES;
				CLANG_ENABLE_OBJC_ARC = YES;
				CLANG_ENABLE_OBJC_WEAK = YES;
				CLANG_WARN_BLOCK_CAPTURE_AUTORELEASING = YES;
				CLANG_WARN_BOOL_CONVERSION = YES;
				CLANG_WARN_COMMA = YES;
				CLANG_WARN_CONSTANT_CONVERSION = YES;
				CLANG_WARN_DEPRECATED_OBJC_IMPLEMENTATIONS = YES;
				CLANG_WARN_DIRECT_OBJC_ISA_USAGE = YES_ERROR;
				CLANG_WARN_DOCUMENTATION_COMMENTS = YES;
				CLANG_WARN_EMPTY_BODY = YES;
				CLANG_WARN_ENUM_CONVERSION = YES;
				CLANG_WARN_INFINITE_RECURSION = YES;
				CLANG_WARN_INT_CONVERSION = YES;
				CLANG_WARN_NON_LITERAL_NULL_CONVERSION = YES;
				CLANG_WARN_OBJC_IMPLICIT_RETAIN_SELF = YES;
				CLANG_WARN_OBJC_LITERAL_CONVERSION = YES;
				CLANG_WARN_OBJC_ROOT_CLASS = YES_ERROR;
				CLANG_WARN_QUOTED_INCLUDE_IN_FRAMEWORK_HEADER = YES;
				CLANG_WARN_RANGE_LOOP_ANALYSIS = YES;
				CLANG_WARN_STRICT_PROTOTYPES = YES;
				CLANG_WARN_SUSPICIOUS_MOVE = YES;
				CLANG_WARN_UNGUARDED_AVAILABILITY = YES_AGGRESSIVE;
				CLANG_WARN_UNREACHABLE_CODE = YES;
				CLANG_WARN__DUPLICATE_METHOD_MATCH = YES;
				COPY_PHASE_STRIP = NO;
				DEBUG_INFORMATION_FORMAT = dwarf;
				ENABLE_STRICT_OBJC_MSGSEND = YES;
				ENABLE_TESTABILITY = YES;
				GCC_C_LANGUAGE_STANDARD = gnu11;
				GCC_DYNAMIC_NO_PIC = NO;
				GCC_NO_COMMON_BLOCKS = YES;
				GCC_OPTIMIZATION_LEVEL = 0;
				GCC_PREPROCESSOR_DEFINITIONS = (
					"DEBUG=1",
					"$(inherited)",
				);
				GCC_WARN_64_TO_32_BIT_CONVERSION = YES;
				GCC_WARN_ABOUT_RETURN_TYPE = YES_ERROR;
				GCC_WARN_UNDECLARED_SELECTOR = YES;
				GCC_WARN_UNINITIALIZED_AUTOS = YES_AGGRESSIVE;
				GCC_WARN_UNUSED_FUNCTION = YES;
				GCC_WARN_UNUSED_VARIABLE = YES;
				IPHONEOS_DEPLOYMENT_TARGET = 14.5;
				MTL_ENABLE_DEBUG_INFO = INCLUDE_SOURCE;
				MTL_FAST_MATH = YES;
				ONLY_ACTIVE_ARCH = YES;
				SDKROOT = iphoneos;
				SWIFT_ACTIVE_COMPILATION_CONDITIONS = DEBUG;
				SWIFT_OPTIMIZATION_LEVEL = "-Onone";
			};
			name = Debug;
		};
		9F825F9A26B94E380039F17E /* Release */ = {
			isa = XCBuildConfiguration;
			buildSettings = {
				ALWAYS_SEARCH_USER_PATHS = NO;
				CLANG_ANALYZER_NONNULL = YES;
				CLANG_ANALYZER_NUMBER_OBJECT_CONVERSION = YES_AGGRESSIVE;
				CLANG_CXX_LANGUAGE_STANDARD = "gnu++14";
				CLANG_CXX_LIBRARY = "libc++";
				CLANG_ENABLE_MODULES = YES;
				CLANG_ENABLE_OBJC_ARC = YES;
				CLANG_ENABLE_OBJC_WEAK = YES;
				CLANG_WARN_BLOCK_CAPTURE_AUTORELEASING = YES;
				CLANG_WARN_BOOL_CONVERSION = YES;
				CLANG_WARN_COMMA = YES;
				CLANG_WARN_CONSTANT_CONVERSION = YES;
				CLANG_WARN_DEPRECATED_OBJC_IMPLEMENTATIONS = YES;
				CLANG_WARN_DIRECT_OBJC_ISA_USAGE = YES_ERROR;
				CLANG_WARN_DOCUMENTATION_COMMENTS = YES;
				CLANG_WARN_EMPTY_BODY = YES;
				CLANG_WARN_ENUM_CONVERSION = YES;
				CLANG_WARN_INFINITE_RECURSION = YES;
				CLANG_WARN_INT_CONVERSION = YES;
				CLANG_WARN_NON_LITERAL_NULL_CONVERSION = YES;
				CLANG_WARN_OBJC_IMPLICIT_RETAIN_SELF = YES;
				CLANG_WARN_OBJC_LITERAL_CONVERSION = YES;
				CLANG_WARN_OBJC_ROOT_CLASS = YES_ERROR;
				CLANG_WARN_QUOTED_INCLUDE_IN_FRAMEWORK_HEADER = YES;
				CLANG_WARN_RANGE_LOOP_ANALYSIS = YES;
				CLANG_WARN_STRICT_PROTOTYPES = YES;
				CLANG_WARN_SUSPICIOUS_MOVE = YES;
				CLANG_WARN_UNGUARDED_AVAILABILITY = YES_AGGRESSIVE;
				CLANG_WARN_UNREACHABLE_CODE = YES;
				CLANG_WARN__DUPLICATE_METHOD_MATCH = YES;
				COPY_PHASE_STRIP = NO;
				DEBUG_INFORMATION_FORMAT = "dwarf-with-dsym";
				ENABLE_NS_ASSERTIONS = NO;
				ENABLE_STRICT_OBJC_MSGSEND = YES;
				GCC_C_LANGUAGE_STANDARD = gnu11;
				GCC_NO_COMMON_BLOCKS = YES;
				GCC_WARN_64_TO_32_BIT_CONVERSION = YES;
				GCC_WARN_ABOUT_RETURN_TYPE = YES_ERROR;
				GCC_WARN_UNDECLARED_SELECTOR = YES;
				GCC_WARN_UNINITIALIZED_AUTOS = YES_AGGRESSIVE;
				GCC_WARN_UNUSED_FUNCTION = YES;
				GCC_WARN_UNUSED_VARIABLE = YES;
				IPHONEOS_DEPLOYMENT_TARGET = 14.5;
				MTL_ENABLE_DEBUG_INFO = NO;
				MTL_FAST_MATH = YES;
				SDKROOT = iphoneos;
				SWIFT_COMPILATION_MODE = wholemodule;
				SWIFT_OPTIMIZATION_LEVEL = "-O";
				VALIDATE_PRODUCT = YES;
			};
			name = Release;
		};
		9F825F9C26B94E380039F17E /* Debug */ = {
			isa = XCBuildConfiguration;
			buildSettings = {
				ASSETCATALOG_COMPILER_APPICON_NAME = AppIcon;
				ASSETCATALOG_COMPILER_GLOBAL_ACCENT_COLOR_NAME = AccentColor;
				CODE_SIGN_STYLE = Automatic;
				DEVELOPMENT_TEAM = 4L2695C228;
				INFOPLIST_FILE = "MVVM+RXSWIFT+COREDATA/Info.plist";
				LD_RUNPATH_SEARCH_PATHS = (
					"$(inherited)",
					"@executable_path/Frameworks",
				);
				PRODUCT_BUNDLE_IDENTIFIER = "com.tedhyeong.MVVM-RXSWIFT-COREDATA";
				PRODUCT_NAME = "$(TARGET_NAME)";
				SWIFT_VERSION = 5.0;
				TARGETED_DEVICE_FAMILY = "1,2";
			};
			name = Debug;
		};
		9F825F9D26B94E380039F17E /* Release */ = {
			isa = XCBuildConfiguration;
			buildSettings = {
				ASSETCATALOG_COMPILER_APPICON_NAME = AppIcon;
				ASSETCATALOG_COMPILER_GLOBAL_ACCENT_COLOR_NAME = AccentColor;
				CODE_SIGN_STYLE = Automatic;
				DEVELOPMENT_TEAM = 4L2695C228;
				INFOPLIST_FILE = "MVVM+RXSWIFT+COREDATA/Info.plist";
				LD_RUNPATH_SEARCH_PATHS = (
					"$(inherited)",
					"@executable_path/Frameworks",
				);
				PRODUCT_BUNDLE_IDENTIFIER = "com.tedhyeong.MVVM-RXSWIFT-COREDATA";
				PRODUCT_NAME = "$(TARGET_NAME)";
				SWIFT_VERSION = 5.0;
				TARGETED_DEVICE_FAMILY = "1,2";
			};
			name = Release;
		};
		9F825F9F26B94E380039F17E /* Debug */ = {
			isa = XCBuildConfiguration;
			buildSettings = {
				ALWAYS_EMBED_SWIFT_STANDARD_LIBRARIES = YES;
				BUNDLE_LOADER = "$(TEST_HOST)";
				CODE_SIGN_STYLE = Automatic;
				DEVELOPMENT_TEAM = 4L2695C228;
				INFOPLIST_FILE = "MVVM+RXSWIFT+COREDATATests/Info.plist";
				IPHONEOS_DEPLOYMENT_TARGET = 14.5;
				LD_RUNPATH_SEARCH_PATHS = (
					"$(inherited)",
					"@executable_path/Frameworks",
					"@loader_path/Frameworks",
				);
				PRODUCT_BUNDLE_IDENTIFIER = "com.tedhyeong.MVVM-RXSWIFT-COREDATATests";
				PRODUCT_NAME = "$(TARGET_NAME)";
				SWIFT_VERSION = 5.0;
				TARGETED_DEVICE_FAMILY = "1,2";
				TEST_HOST = "$(BUILT_PRODUCTS_DIR)/MVVM+RXSWIFT+COREDATA.app/MVVM+RXSWIFT+COREDATA";
			};
			name = Debug;
		};
		9F825FA026B94E380039F17E /* Release */ = {
			isa = XCBuildConfiguration;
			buildSettings = {
				ALWAYS_EMBED_SWIFT_STANDARD_LIBRARIES = YES;
				BUNDLE_LOADER = "$(TEST_HOST)";
				CODE_SIGN_STYLE = Automatic;
				DEVELOPMENT_TEAM = 4L2695C228;
				INFOPLIST_FILE = "MVVM+RXSWIFT+COREDATATests/Info.plist";
				IPHONEOS_DEPLOYMENT_TARGET = 14.5;
				LD_RUNPATH_SEARCH_PATHS = (
					"$(inherited)",
					"@executable_path/Frameworks",
					"@loader_path/Frameworks",
				);
				PRODUCT_BUNDLE_IDENTIFIER = "com.tedhyeong.MVVM-RXSWIFT-COREDATATests";
				PRODUCT_NAME = "$(TARGET_NAME)";
				SWIFT_VERSION = 5.0;
				TARGETED_DEVICE_FAMILY = "1,2";
				TEST_HOST = "$(BUILT_PRODUCTS_DIR)/MVVM+RXSWIFT+COREDATA.app/MVVM+RXSWIFT+COREDATA";
			};
			name = Release;
		};
		9F825FA226B94E380039F17E /* Debug */ = {
			isa = XCBuildConfiguration;
			buildSettings = {
				ALWAYS_EMBED_SWIFT_STANDARD_LIBRARIES = YES;
				CODE_SIGN_STYLE = Automatic;
				DEVELOPMENT_TEAM = 4L2695C228;
				INFOPLIST_FILE = "MVVM+RXSWIFT+COREDATAUITests/Info.plist";
				LD_RUNPATH_SEARCH_PATHS = (
					"$(inherited)",
					"@executable_path/Frameworks",
					"@loader_path/Frameworks",
				);
				PRODUCT_BUNDLE_IDENTIFIER = "com.tedhyeong.MVVM-RXSWIFT-COREDATAUITests";
				PRODUCT_NAME = "$(TARGET_NAME)";
				SWIFT_VERSION = 5.0;
				TARGETED_DEVICE_FAMILY = "1,2";
				TEST_TARGET_NAME = "MVVM+RXSWIFT+COREDATA";
			};
			name = Debug;
		};
		9F825FA326B94E380039F17E /* Release */ = {
			isa = XCBuildConfiguration;
			buildSettings = {
				ALWAYS_EMBED_SWIFT_STANDARD_LIBRARIES = YES;
				CODE_SIGN_STYLE = Automatic;
				DEVELOPMENT_TEAM = 4L2695C228;
				INFOPLIST_FILE = "MVVM+RXSWIFT+COREDATAUITests/Info.plist";
				LD_RUNPATH_SEARCH_PATHS = (
					"$(inherited)",
					"@executable_path/Frameworks",
					"@loader_path/Frameworks",
				);
				PRODUCT_BUNDLE_IDENTIFIER = "com.tedhyeong.MVVM-RXSWIFT-COREDATAUITests";
				PRODUCT_NAME = "$(TARGET_NAME)";
				SWIFT_VERSION = 5.0;
				TARGETED_DEVICE_FAMILY = "1,2";
				TEST_TARGET_NAME = "MVVM+RXSWIFT+COREDATA";
			};
			name = Release;
		};
/* End XCBuildConfiguration section */

/* Begin XCConfigurationList section */
		9F825F6926B94E350039F17E /* Build configuration list for PBXProject "MVVM+RXSWIFT+COREDATA" */ = {
			isa = XCConfigurationList;
			buildConfigurations = (
				9F825F9926B94E380039F17E /* Debug */,
				9F825F9A26B94E380039F17E /* Release */,
			);
			defaultConfigurationIsVisible = 0;
			defaultConfigurationName = Release;
		};
		9F825F9B26B94E380039F17E /* Build configuration list for PBXNativeTarget "MVVM+RXSWIFT+COREDATA" */ = {
			isa = XCConfigurationList;
			buildConfigurations = (
				9F825F9C26B94E380039F17E /* Debug */,
				9F825F9D26B94E380039F17E /* Release */,
			);
			defaultConfigurationIsVisible = 0;
			defaultConfigurationName = Release;
		};
		9F825F9E26B94E380039F17E /* Build configuration list for PBXNativeTarget "MVVM+RXSWIFT+COREDATATests" */ = {
			isa = XCConfigurationList;
			buildConfigurations = (
				9F825F9F26B94E380039F17E /* Debug */,
				9F825FA026B94E380039F17E /* Release */,
			);
			defaultConfigurationIsVisible = 0;
			defaultConfigurationName = Release;
		};
		9F825FA126B94E380039F17E /* Build configuration list for PBXNativeTarget "MVVM+RXSWIFT+COREDATAUITests" */ = {
			isa = XCConfigurationList;
			buildConfigurations = (
				9F825FA226B94E380039F17E /* Debug */,
				9F825FA326B94E380039F17E /* Release */,
			);
			defaultConfigurationIsVisible = 0;
			defaultConfigurationName = Release;
		};
/* End XCConfigurationList section */

/* Begin XCVersionGroup section */
		9F825F7A26B94E350039F17E /* MVVM_RXSWIFT_COREDATA.xcdatamodeld */ = {
			isa = XCVersionGroup;
			children = (
				9F825F7B26B94E350039F17E /* MVVM_RXSWIFT_COREDATA.xcdatamodel */,
			);
			currentVersion = 9F825F7B26B94E350039F17E /* MVVM_RXSWIFT_COREDATA.xcdatamodel */;
			path = MVVM_RXSWIFT_COREDATA.xcdatamodeld;
			sourceTree = "<group>";
			versionGroupType = wrapper.xcdatamodel;
		};
/* End XCVersionGroup section */
	};
	rootObject = 9F825F6626B94E350039F17E /* Project object */;
}
