// !$*UTF8*$!
{
	archiveVersion = 1;
	classes = {
	};
	objectVersion = 52;
	objects = {

/* Begin PBXBuildFile section */
		9F825F7226B94E350039F17E /* AppDelegate.swift in Sources */ = {isa = PBXBuildFile; fileRef = 9F825F7126B94E350039F17E /* AppDelegate.swift */; };
		9F825F7426B94E350039F17E /* SceneDelegate.swift in Sources */ = {isa = PBXBuildFile; fileRef = 9F825F7326B94E350039F17E /* SceneDelegate.swift */; };
		9F825F7C26B94E350039F17E /* MVVM_RXSWIFT_COREDATA.xcdatamodeld in Sources */ = {isa = PBXBuildFile; fileRef = 9F825F7A26B94E350039F17E /* MVVM_RXSWIFT_COREDATA.xcdatamodeld */; };
		9F825F7E26B94E380039F17E /* Assets.xcassets in Resources */ = {isa = PBXBuildFile; fileRef = 9F825F7D26B94E380039F17E /* Assets.xcassets */; };
		9F825F8126B94E380039F17E /* LaunchScreen.storyboard in Resources */ = {isa = PBXBuildFile; fileRef = 9F825F7F26B94E380039F17E /* LaunchScreen.storyboard */; };
		9F825FA626B94F530039F17E /* RxSwift in Frameworks */ = {isa = PBXBuildFile; productRef = 9F825FA526B94F530039F17E /* RxSwift */; };
		9F825FAA26B94F530039F17E /* RxRelay in Frameworks */ = {isa = PBXBuildFile; productRef = 9F825FA926B94F530039F17E /* RxRelay */; };
		9F825FAC26B94F530039F17E /* RxCocoa in Frameworks */ = {isa = PBXBuildFile; productRef = 9F825FAB26B94F530039F17E /* RxCocoa */; };
		9F825FB626B958AC0039F17E /* ViewType.swift in Sources */ = {isa = PBXBuildFile; fileRef = 9F825FB526B958AC0039F17E /* ViewType.swift */; };
		9F825FB826B958B40039F17E /* ViewModelType.swift in Sources */ = {isa = PBXBuildFile; fileRef = 9F825FB726B958B40039F17E /* ViewModelType.swift */; };
		9F825FBB26B969970039F17E /* Reactive+Base.swift in Sources */ = {isa = PBXBuildFile; fileRef = 9F825FBA26B969970039F17E /* Reactive+Base.swift */; };
		9F825FBD26B96A3B0039F17E /* UIView+Subviews.swift in Sources */ = {isa = PBXBuildFile; fileRef = 9F825FBC26B96A3B0039F17E /* UIView+Subviews.swift */; };
		9F825FBF26B96A760039F17E /* UIView+LayoutAnchor.swift in Sources */ = {isa = PBXBuildFile; fileRef = 9F825FBE26B96A760039F17E /* UIView+LayoutAnchor.swift */; };
		9F825FC126B96BA20039F17E /* MainViewController.swift in Sources */ = {isa = PBXBuildFile; fileRef = 9F825FC026B96BA20039F17E /* MainViewController.swift */; };
		9F825FC326B96BB10039F17E /* MainViewModel.swift in Sources */ = {isa = PBXBuildFile; fileRef = 9F825FC226B96BB10039F17E /* MainViewModel.swift */; };
		9F825FC526B972140039F17E /* UIColor+Extensions.swift in Sources */ = {isa = PBXBuildFile; fileRef = 9F825FC426B972140039F17E /* UIColor+Extensions.swift */; };
		9F825FC726B9724C0039F17E /* UITableView+Reusable.swift in Sources */ = {isa = PBXBuildFile; fileRef = 9F825FC626B9724C0039F17E /* UITableView+Reusable.swift */; };
		9F825FC926B972BF0039F17E /* MainTableViewCell.swift in Sources */ = {isa = PBXBuildFile; fileRef = 9F825FC826B972BF0039F17E /* MainTableViewCell.swift */; };
		9F825FCB26B974B30039F17E /* SettingViewController.swift in Sources */ = {isa = PBXBuildFile; fileRef = 9F825FCA26B974B30039F17E /* SettingViewController.swift */; };
		9F825FCD26B9758F0039F17E /* SettingViewModel.swift in Sources */ = {isa = PBXBuildFile; fileRef = 9F825FCC26B9758F0039F17E /* SettingViewModel.swift */; };
/* End PBXBuildFile section */

/* Begin PBXFileReference section */
		9F825F6E26B94E350039F17E /* MVVM+RXSWIFT+COREDATA.app */ = {isa = PBXFileReference; explicitFileType = wrapper.application; includeInIndex = 0; path = "MVVM+RXSWIFT+COREDATA.app"; sourceTree = BUILT_PRODUCTS_DIR; };
		9F825F7126B94E350039F17E /* AppDelegate.swift */ = {isa = PBXFileReference; lastKnownFileType = sourcecode.swift; path = AppDelegate.swift; sourceTree = "<group>"; };
		9F825F7326B94E350039F17E /* SceneDelegate.swift */ = {isa = PBXFileReference; lastKnownFileType = sourcecode.swift; path = SceneDelegate.swift; sourceTree = "<group>"; };
		9F825F7B26B94E350039F17E /* MVVM_RXSWIFT_COREDATA.xcdatamodel */ = {isa = PBXFileReference; lastKnownFileType = wrapper.xcdatamodel; path = MVVM_RXSWIFT_COREDATA.xcdatamodel; sourceTree = "<group>"; };
		9F825F7D26B94E380039F17E /* Assets.xcassets */ = {isa = PBXFileReference; lastKnownFileType = folder.assetcatalog; path = Assets.xcassets; sourceTree = "<group>"; };
		9F825F8026B94E380039F17E /* Base */ = {isa = PBXFileReference; lastKnownFileType = file.storyboard; name = Base; path = Base.lproj/LaunchScreen.storyboard; sourceTree = "<group>"; };
		9F825F8226B94E380039F17E /* Info.plist */ = {isa = PBXFileReference; lastKnownFileType = text.plist.xml; path = Info.plist; sourceTree = "<group>"; };
		9F825FB526B958AC0039F17E /* ViewType.swift */ = {isa = PBXFileReference; lastKnownFileType = sourcecode.swift; path = ViewType.swift; sourceTree = "<group>"; };
		9F825FB726B958B40039F17E /* ViewModelType.swift */ = {isa = PBXFileReference; lastKnownFileType = sourcecode.swift; path = ViewModelType.swift; sourceTree = "<group>"; };
		9F825FBA26B969970039F17E /* Reactive+Base.swift */ = {isa = PBXFileReference; lastKnownFileType = sourcecode.swift; path = "Reactive+Base.swift"; sourceTree = "<group>"; };
		9F825FBC26B96A3B0039F17E /* UIView+Subviews.swift */ = {isa = PBXFileReference; lastKnownFileType = sourcecode.swift; path = "UIView+Subviews.swift"; sourceTree = "<group>"; };
		9F825FBE26B96A760039F17E /* UIView+LayoutAnchor.swift */ = {isa = PBXFileReference; lastKnownFileType = sourcecode.swift; path = "UIView+LayoutAnchor.swift"; sourceTree = "<group>"; };
		9F825FC026B96BA20039F17E /* MainViewController.swift */ = {isa = PBXFileReference; lastKnownFileType = sourcecode.swift; path = MainViewController.swift; sourceTree = "<group>"; };
		9F825FC226B96BB10039F17E /* MainViewModel.swift */ = {isa = PBXFileReference; lastKnownFileType = sourcecode.swift; path = MainViewModel.swift; sourceTree = "<group>"; };
		9F825FC426B972140039F17E /* UIColor+Extensions.swift */ = {isa = PBXFileReference; lastKnownFileType = sourcecode.swift; path = "UIColor+Extensions.swift"; sourceTree = "<group>"; };
		9F825FC626B9724C0039F17E /* UITableView+Reusable.swift */ = {isa = PBXFileReference; lastKnownFileType = sourcecode.swift; path = "UITableView+Reusable.swift"; sourceTree = "<group>"; };
		9F825FC826B972BF0039F17E /* MainTableViewCell.swift */ = {isa = PBXFileReference; lastKnownFileType = sourcecode.swift; path = MainTableViewCell.swift; sourceTree = "<group>"; };
		9F825FCA26B974B30039F17E /* SettingViewController.swift */ = {isa = PBXFileReference; lastKnownFileType = sourcecode.swift; path = SettingViewController.swift; sourceTree = "<group>"; };
		9F825FCC26B9758F0039F17E /* SettingViewModel.swift */ = {isa = PBXFileReference; lastKnownFileType = sourcecode.swift; path = SettingViewModel.swift; sourceTree = "<group>"; };
/* End PBXFileReference section */

/* Begin PBXFrameworksBuildPhase section */
		9F825F6B26B94E350039F17E /* Frameworks */ = {
			isa = PBXFrameworksBuildPhase;
			buildActionMask = 2147483647;
			files = (
				9F825FAA26B94F530039F17E /* RxRelay in Frameworks */,
				9F825FAC26B94F530039F17E /* RxCocoa in Frameworks */,
				9F825FA626B94F530039F17E /* RxSwift in Frameworks */,
			);
			runOnlyForDeploymentPostprocessing = 0;
		};
/* End PBXFrameworksBuildPhase section */

/* Begin PBXGroup section */
		9F825F6526B94E350039F17E = {
			isa = PBXGroup;
			children = (
				9F825F7026B94E350039F17E /* MVVM+RXSWIFT+COREDATA */,
				9F825F6F26B94E350039F17E /* Products */,
			);
			sourceTree = "<group>";
		};
		9F825F6F26B94E350039F17E /* Products */ = {
			isa = PBXGroup;
			children = (
				9F825F6E26B94E350039F17E /* MVVM+RXSWIFT+COREDATA.app */,
			);
			name = Products;
			sourceTree = "<group>";
		};
		9F825F7026B94E350039F17E /* MVVM+RXSWIFT+COREDATA */ = {
			isa = PBXGroup;
			children = (
				9F825F7326B94E350039F17E /* SceneDelegate.swift */,
				9F825F7126B94E350039F17E /* AppDelegate.swift */,
				9F825FB026B958430039F17E /* Base */,
				9F825FB126B958470039F17E /* Main */,
				9F825FB926B958BD0039F17E /* Setting */,
				9F825FB426B958650039F17E /* Model */,
				9F825FB226B958550039F17E /* Utility */,
				9F825FB326B9585E0039F17E /* Service */,
				9F825FAF26B94F8D0039F17E /* Resources */,
			);
			path = "MVVM+RXSWIFT+COREDATA";
			sourceTree = "<group>";
		};
		9F825FAF26B94F8D0039F17E /* Resources */ = {
			isa = PBXGroup;
			children = (
				9F825F7D26B94E380039F17E /* Assets.xcassets */,
				9F825F7F26B94E380039F17E /* LaunchScreen.storyboard */,
				9F825F8226B94E380039F17E /* Info.plist */,
			);
			path = Resources;
			sourceTree = "<group>";
		};
		9F825FB026B958430039F17E /* Base */ = {
			isa = PBXGroup;
			children = (
				9F825FB526B958AC0039F17E /* ViewType.swift */,
				9F825FB726B958B40039F17E /* ViewModelType.swift */,
			);
			path = Base;
			sourceTree = "<group>";
		};
		9F825FB126B958470039F17E /* Main */ = {
			isa = PBXGroup;
			children = (
				9F825FC026B96BA20039F17E /* MainViewController.swift */,
				9F825FC226B96BB10039F17E /* MainViewModel.swift */,
				9F825FC826B972BF0039F17E /* MainTableViewCell.swift */,
			);
			path = Main;
			sourceTree = "<group>";
		};
		9F825FB226B958550039F17E /* Utility */ = {
			isa = PBXGroup;
			children = (
				9F825FBA26B969970039F17E /* Reactive+Base.swift */,
				9F825FBC26B96A3B0039F17E /* UIView+Subviews.swift */,
				9F825FBE26B96A760039F17E /* UIView+LayoutAnchor.swift */,
				9F825FC426B972140039F17E /* UIColor+Extensions.swift */,
				9F825FC626B9724C0039F17E /* UITableView+Reusable.swift */,
			);
			path = Utility;
			sourceTree = "<group>";
		};
		9F825FB326B9585E0039F17E /* Service */ = {
			isa = PBXGroup;
			children = (
			);
			path = Service;
			sourceTree = "<group>";
		};
		9F825FB426B958650039F17E /* Model */ = {
			isa = PBXGroup;
			children = (
				9F825F7A26B94E350039F17E /* MVVM_RXSWIFT_COREDATA.xcdatamodeld */,
			);
			path = Model;
			sourceTree = "<group>";
		};
		9F825FB926B958BD0039F17E /* Setting */ = {
			isa = PBXGroup;
			children = (
				9F825FCA26B974B30039F17E /* SettingViewController.swift */,
				9F825FCC26B9758F0039F17E /* SettingViewModel.swift */,
			);
			path = Setting;
			sourceTree = "<group>";
		};
/* End PBXGroup section */

/* Begin PBXNativeTarget section */
		9F825F6D26B94E350039F17E /* MVVM+RXSWIFT+COREDATA */ = {
			isa = PBXNativeTarget;
			buildConfigurationList = 9F825F9B26B94E380039F17E /* Build configuration list for PBXNativeTarget "MVVM+RXSWIFT+COREDATA" */;
			buildPhases = (
				9F825F6A26B94E350039F17E /* Sources */,
				9F825F6B26B94E350039F17E /* Frameworks */,
				9F825F6C26B94E350039F17E /* Resources */,
			);
			buildRules = (
			);
			dependencies = (
			);
			name = "MVVM+RXSWIFT+COREDATA";
			packageProductDependencies = (
				9F825FA526B94F530039F17E /* RxSwift */,
				9F825FA926B94F530039F17E /* RxRelay */,
				9F825FAB26B94F530039F17E /* RxCocoa */,
			);
			productName = "MVVM+RXSWIFT+COREDATA";
			productReference = 9F825F6E26B94E350039F17E /* MVVM+RXSWIFT+COREDATA.app */;
			productType = "com.apple.product-type.application";
		};
/* End PBXNativeTarget section */

/* Begin PBXProject section */
		9F825F6626B94E350039F17E /* Project object */ = {
			isa = PBXProject;
			attributes = {
				LastSwiftUpdateCheck = 1250;
				LastUpgradeCheck = 1250;
				TargetAttributes = {
					9F825F6D26B94E350039F17E = {
						CreatedOnToolsVersion = 12.5.1;
					};
				};
			};
			buildConfigurationList = 9F825F6926B94E350039F17E /* Build configuration list for PBXProject "MVVM+RXSWIFT+COREDATA" */;
			compatibilityVersion = "Xcode 9.3";
			developmentRegion = en;
			hasScannedForEncodings = 0;
			knownRegions = (
				en,
				Base,
			);
			mainGroup = 9F825F6526B94E350039F17E;
			packageReferences = (
				9F825FA426B94F530039F17E /* XCRemoteSwiftPackageReference "RxSwift" */,
			);
			productRefGroup = 9F825F6F26B94E350039F17E /* Products */;
			projectDirPath = "";
			projectRoot = "";
			targets = (
				9F825F6D26B94E350039F17E /* MVVM+RXSWIFT+COREDATA */,
			);
		};
/* End PBXProject section */

/* Begin PBXResourcesBuildPhase section */
		9F825F6C26B94E350039F17E /* Resources */ = {
			isa = PBXResourcesBuildPhase;
			buildActionMask = 2147483647;
			files = (
				9F825F8126B94E380039F17E /* LaunchScreen.storyboard in Resources */,
				9F825F7E26B94E380039F17E /* Assets.xcassets in Resources */,
			);
			runOnlyForDeploymentPostprocessing = 0;
		};
/* End PBXResourcesBuildPhase section */

/* Begin PBXSourcesBuildPhase section */
		9F825F6A26B94E350039F17E /* Sources */ = {
			isa = PBXSourcesBuildPhase;
			buildActionMask = 2147483647;
			files = (
				9F825FC926B972BF0039F17E /* MainTableViewCell.swift in Sources */,
				9F825F7C26B94E350039F17E /* MVVM_RXSWIFT_COREDATA.xcdatamodeld in Sources */,
				9F825FBF26B96A760039F17E /* UIView+LayoutAnchor.swift in Sources */,
				9F825F7226B94E350039F17E /* AppDelegate.swift in Sources */,
				9F825FB626B958AC0039F17E /* ViewType.swift in Sources */,
				9F825FCB26B974B30039F17E /* SettingViewController.swift in Sources */,
				9F825FC726B9724C0039F17E /* UITableView+Reusable.swift in Sources */,
				9F825FBD26B96A3B0039F17E /* UIView+Subviews.swift in Sources */,
				9F825FC326B96BB10039F17E /* MainViewModel.swift in Sources */,
				9F825FC526B972140039F17E /* UIColor+Extensions.swift in Sources */,
				9F825FCD26B9758F0039F17E /* SettingViewModel.swift in Sources */,
				9F825FB826B958B40039F17E /* ViewModelType.swift in Sources */,
				9F825FC126B96BA20039F17E /* MainViewController.swift in Sources */,
				9F825F7426B94E350039F17E /* SceneDelegate.swift in Sources */,
				9F825FBB26B969970039F17E /* Reactive+Base.swift in Sources */,
			);
			runOnlyForDeploymentPostprocessing = 0;
		};
/* End PBXSourcesBuildPhase section */

/* Begin PBXVariantGroup section */
		9F825F7F26B94E380039F17E /* LaunchScreen.storyboard */ = {
			isa = PBXVariantGroup;
			children = (
				9F825F8026B94E380039F17E /* Base */,
			);
			name = LaunchScreen.storyboard;
			sourceTree = "<group>";
		};
/* End PBXVariantGroup section */

/* Begin XCBuildConfiguration section */
		9F825F9926B94E380039F17E /* Debug */ = {
			isa = XCBuildConfiguration;
			buildSettings = {
				ALWAYS_SEARCH_USER_PATHS = NO;
				CLANG_ANALYZER_NONNULL = YES;
				CLANG_ANALYZER_NUMBER_OBJECT_CONVERSION = YES_AGGRESSIVE;
				CLANG_CXX_LANGUAGE_STANDARD = "gnu++14";
				CLANG_CXX_LIBRARY = "libc++";
				CLANG_ENABLE_MODULES = YES;
				CLANG_ENABLE_OBJC_ARC = YES;
				CLANG_ENABLE_OBJC_WEAK = YES;
				CLANG_WARN_BLOCK_CAPTURE_AUTORELEASING = YES;
				CLANG_WARN_BOOL_CONVERSION = YES;
				CLANG_WARN_COMMA = YES;
				CLANG_WARN_CONSTANT_CONVERSION = YES;
				CLANG_WARN_DEPRECATED_OBJC_IMPLEMENTATIONS = YES;
				CLANG_WARN_DIRECT_OBJC_ISA_USAGE = YES_ERROR;
				CLANG_WARN_DOCUMENTATION_COMMENTS = YES;
				CLANG_WARN_EMPTY_BODY = YES;
				CLANG_WARN_ENUM_CONVERSION = YES;
				CLANG_WARN_INFINITE_RECURSION = YES;
				CLANG_WARN_INT_CONVERSION = YES;
				CLANG_WARN_NON_LITERAL_NULL_CONVERSION = YES;
				CLANG_WARN_OBJC_IMPLICIT_RETAIN_SELF = YES;
				CLANG_WARN_OBJC_LITERAL_CONVERSION = YES;
				CLANG_WARN_OBJC_ROOT_CLASS = YES_ERROR;
				CLANG_WARN_QUOTED_INCLUDE_IN_FRAMEWORK_HEADER = YES;
				CLANG_WARN_RANGE_LOOP_ANALYSIS = YES;
				CLANG_WARN_STRICT_PROTOTYPES = YES;
				CLANG_WARN_SUSPICIOUS_MOVE = YES;
				CLANG_WARN_UNGUARDED_AVAILABILITY = YES_AGGRESSIVE;
				CLANG_WARN_UNREACHABLE_CODE = YES;
				CLANG_WARN__DUPLICATE_METHOD_MATCH = YES;
				COPY_PHASE_STRIP = NO;
				DEBUG_INFORMATION_FORMAT = dwarf;
				ENABLE_STRICT_OBJC_MSGSEND = YES;
				ENABLE_TESTABILITY = YES;
				GCC_C_LANGUAGE_STANDARD = gnu11;
				GCC_DYNAMIC_NO_PIC = NO;
				GCC_NO_COMMON_BLOCKS = YES;
				GCC_OPTIMIZATION_LEVEL = 0;
				GCC_PREPROCESSOR_DEFINITIONS = (
					"DEBUG=1",
					"$(inherited)",
				);
				GCC_WARN_64_TO_32_BIT_CONVERSION = YES;
				GCC_WARN_ABOUT_RETURN_TYPE = YES_ERROR;
				GCC_WARN_UNDECLARED_SELECTOR = YES;
				GCC_WARN_UNINITIALIZED_AUTOS = YES_AGGRESSIVE;
				GCC_WARN_UNUSED_FUNCTION = YES;
				GCC_WARN_UNUSED_VARIABLE = YES;
				IPHONEOS_DEPLOYMENT_TARGET = 14.5;
				MTL_ENABLE_DEBUG_INFO = INCLUDE_SOURCE;
				MTL_FAST_MATH = YES;
				ONLY_ACTIVE_ARCH = YES;
				SDKROOT = iphoneos;
				SWIFT_ACTIVE_COMPILATION_CONDITIONS = DEBUG;
				SWIFT_OPTIMIZATION_LEVEL = "-Onone";
			};
			name = Debug;
		};
		9F825F9A26B94E380039F17E /* Release */ = {
			isa = XCBuildConfiguration;
			buildSettings = {
				ALWAYS_SEARCH_USER_PATHS = NO;
				CLANG_ANALYZER_NONNULL = YES;
				CLANG_ANALYZER_NUMBER_OBJECT_CONVERSION = YES_AGGRESSIVE;
				CLANG_CXX_LANGUAGE_STANDARD = "gnu++14";
				CLANG_CXX_LIBRARY = "libc++";
				CLANG_ENABLE_MODULES = YES;
				CLANG_ENABLE_OBJC_ARC = YES;
				CLANG_ENABLE_OBJC_WEAK = YES;
				CLANG_WARN_BLOCK_CAPTURE_AUTORELEASING = YES;
				CLANG_WARN_BOOL_CONVERSION = YES;
				CLANG_WARN_COMMA = YES;
				CLANG_WARN_CONSTANT_CONVERSION = YES;
				CLANG_WARN_DEPRECATED_OBJC_IMPLEMENTATIONS = YES;
				CLANG_WARN_DIRECT_OBJC_ISA_USAGE = YES_ERROR;
				CLANG_WARN_DOCUMENTATION_COMMENTS = YES;
				CLANG_WARN_EMPTY_BODY = YES;
				CLANG_WARN_ENUM_CONVERSION = YES;
				CLANG_WARN_INFINITE_RECURSION = YES;
				CLANG_WARN_INT_CONVERSION = YES;
				CLANG_WARN_NON_LITERAL_NULL_CONVERSION = YES;
				CLANG_WARN_OBJC_IMPLICIT_RETAIN_SELF = YES;
				CLANG_WARN_OBJC_LITERAL_CONVERSION = YES;
				CLANG_WARN_OBJC_ROOT_CLASS = YES_ERROR;
				CLANG_WARN_QUOTED_INCLUDE_IN_FRAMEWORK_HEADER = YES;
				CLANG_WARN_RANGE_LOOP_ANALYSIS = YES;
				CLANG_WARN_STRICT_PROTOTYPES = YES;
				CLANG_WARN_SUSPICIOUS_MOVE = YES;
				CLANG_WARN_UNGUARDED_AVAILABILITY = YES_AGGRESSIVE;
				CLANG_WARN_UNREACHABLE_CODE = YES;
				CLANG_WARN__DUPLICATE_METHOD_MATCH = YES;
				COPY_PHASE_STRIP = NO;
				DEBUG_INFORMATION_FORMAT = "dwarf-with-dsym";
				ENABLE_NS_ASSERTIONS = NO;
				ENABLE_STRICT_OBJC_MSGSEND = YES;
				GCC_C_LANGUAGE_STANDARD = gnu11;
				GCC_NO_COMMON_BLOCKS = YES;
				GCC_WARN_64_TO_32_BIT_CONVERSION = YES;
				GCC_WARN_ABOUT_RETURN_TYPE = YES_ERROR;
				GCC_WARN_UNDECLARED_SELECTOR = YES;
				GCC_WARN_UNINITIALIZED_AUTOS = YES_AGGRESSIVE;
				GCC_WARN_UNUSED_FUNCTION = YES;
				GCC_WARN_UNUSED_VARIABLE = YES;
				IPHONEOS_DEPLOYMENT_TARGET = 14.5;
				MTL_ENABLE_DEBUG_INFO = NO;
				MTL_FAST_MATH = YES;
				SDKROOT = iphoneos;
				SWIFT_COMPILATION_MODE = wholemodule;
				SWIFT_OPTIMIZATION_LEVEL = "-O";
				VALIDATE_PRODUCT = YES;
			};
			name = Release;
		};
		9F825F9C26B94E380039F17E /* Debug */ = {
			isa = XCBuildConfiguration;
			buildSettings = {
				ASSETCATALOG_COMPILER_APPICON_NAME = AppIcon;
				ASSETCATALOG_COMPILER_GLOBAL_ACCENT_COLOR_NAME = AccentColor;
				CODE_SIGN_STYLE = Automatic;
				DEVELOPMENT_TEAM = 4L2695C228;
				INFOPLIST_FILE = "MVVM+RXSWIFT+COREDATA/Resources/Info.plist";
				LD_RUNPATH_SEARCH_PATHS = (
					"$(inherited)",
					"@executable_path/Frameworks",
				);
				PRODUCT_BUNDLE_IDENTIFIER = "com.tedhyeong.MVVM-RXSWIFT-COREDATA";
				PRODUCT_NAME = "$(TARGET_NAME)";
				SWIFT_VERSION = 5.0;
				TARGETED_DEVICE_FAMILY = 1;
			};
			name = Debug;
		};
		9F825F9D26B94E380039F17E /* Release */ = {
			isa = XCBuildConfiguration;
			buildSettings = {
				ASSETCATALOG_COMPILER_APPICON_NAME = AppIcon;
				ASSETCATALOG_COMPILER_GLOBAL_ACCENT_COLOR_NAME = AccentColor;
				CODE_SIGN_STYLE = Automatic;
				DEVELOPMENT_TEAM = 4L2695C228;
				INFOPLIST_FILE = "MVVM+RXSWIFT+COREDATA/Resources/Info.plist";
				LD_RUNPATH_SEARCH_PATHS = (
					"$(inherited)",
					"@executable_path/Frameworks",
				);
				PRODUCT_BUNDLE_IDENTIFIER = "com.tedhyeong.MVVM-RXSWIFT-COREDATA";
				PRODUCT_NAME = "$(TARGET_NAME)";
				SWIFT_VERSION = 5.0;
				TARGETED_DEVICE_FAMILY = 1;
			};
			name = Release;
		};
/* End XCBuildConfiguration section */

/* Begin XCConfigurationList section */
		9F825F6926B94E350039F17E /* Build configuration list for PBXProject "MVVM+RXSWIFT+COREDATA" */ = {
			isa = XCConfigurationList;
			buildConfigurations = (
				9F825F9926B94E380039F17E /* Debug */,
				9F825F9A26B94E380039F17E /* Release */,
			);
			defaultConfigurationIsVisible = 0;
			defaultConfigurationName = Release;
		};
		9F825F9B26B94E380039F17E /* Build configuration list for PBXNativeTarget "MVVM+RXSWIFT+COREDATA" */ = {
			isa = XCConfigurationList;
			buildConfigurations = (
				9F825F9C26B94E380039F17E /* Debug */,
				9F825F9D26B94E380039F17E /* Release */,
			);
			defaultConfigurationIsVisible = 0;
			defaultConfigurationName = Release;
		};
/* End XCConfigurationList section */

/* Begin XCRemoteSwiftPackageReference section */
		9F825FA426B94F530039F17E /* XCRemoteSwiftPackageReference "RxSwift" */ = {
			isa = XCRemoteSwiftPackageReference;
			repositoryURL = "https://github.com/ReactiveX/RxSwift.git";
			requirement = {
				kind = upToNextMajorVersion;
				minimumVersion = 6.2.0;
			};
		};
/* End XCRemoteSwiftPackageReference section */

/* Begin XCSwiftPackageProductDependency section */
		9F825FA526B94F530039F17E /* RxSwift */ = {
			isa = XCSwiftPackageProductDependency;
			package = 9F825FA426B94F530039F17E /* XCRemoteSwiftPackageReference "RxSwift" */;
			productName = RxSwift;
		};
		9F825FA926B94F530039F17E /* RxRelay */ = {
			isa = XCSwiftPackageProductDependency;
			package = 9F825FA426B94F530039F17E /* XCRemoteSwiftPackageReference "RxSwift" */;
			productName = RxRelay;
		};
		9F825FAB26B94F530039F17E /* RxCocoa */ = {
			isa = XCSwiftPackageProductDependency;
			package = 9F825FA426B94F530039F17E /* XCRemoteSwiftPackageReference "RxSwift" */;
			productName = RxCocoa;
		};
/* End XCSwiftPackageProductDependency section */

/* Begin XCVersionGroup section */
		9F825F7A26B94E350039F17E /* MVVM_RXSWIFT_COREDATA.xcdatamodeld */ = {
			isa = XCVersionGroup;
			children = (
				9F825F7B26B94E350039F17E /* MVVM_RXSWIFT_COREDATA.xcdatamodel */,
			);
			currentVersion = 9F825F7B26B94E350039F17E /* MVVM_RXSWIFT_COREDATA.xcdatamodel */;
			path = MVVM_RXSWIFT_COREDATA.xcdatamodeld;
			sourceTree = "<group>";
			versionGroupType = wrapper.xcdatamodel;
		};
/* End XCVersionGroup section */
	};
	rootObject = 9F825F6626B94E350039F17E /* Project object */;
}
