// !$*UTF8*$!
{
	archiveVersion = 1;
	classes = {
	};
	objectVersion = 52;
	objects = {

/* Begin PBXBuildFile section */
		9F2AF3A726B5674C00ACC511 /* AppDelegate.swift in Sources */ = {isa = PBXBuildFile; fileRef = 9F2AF3A626B5674C00ACC511 /* AppDelegate.swift */; };
		9F2AF3A926B5674C00ACC511 /* SceneDelegate.swift in Sources */ = {isa = PBXBuildFile; fileRef = 9F2AF3A826B5674C00ACC511 /* SceneDelegate.swift */; };
		9F2AF3B026B5674E00ACC511 /* Assets.xcassets in Resources */ = {isa = PBXBuildFile; fileRef = 9F2AF3AF26B5674E00ACC511 /* Assets.xcassets */; };
		9F2AF3B326B5674E00ACC511 /* LaunchScreen.storyboard in Resources */ = {isa = PBXBuildFile; fileRef = 9F2AF3B126B5674E00ACC511 /* LaunchScreen.storyboard */; };
		9F2AF3BC26B567D200ACC511 /* RxRelay in Frameworks */ = {isa = PBXBuildFile; productRef = 9F2AF3BB26B567D200ACC511 /* RxRelay */; };
		9F2AF3BE26B567D200ACC511 /* RxCocoa in Frameworks */ = {isa = PBXBuildFile; productRef = 9F2AF3BD26B567D200ACC511 /* RxCocoa */; };
		9F2AF3C026B567D200ACC511 /* RxSwift in Frameworks */ = {isa = PBXBuildFile; productRef = 9F2AF3BF26B567D200ACC511 /* RxSwift */; };
		9F2AF3C326B5681700ACC511 /* RxDataSources in Frameworks */ = {isa = PBXBuildFile; productRef = 9F2AF3C226B5681700ACC511 /* RxDataSources */; };
		9F2AF3C526B5681700ACC511 /* Differentiator in Frameworks */ = {isa = PBXBuildFile; productRef = 9F2AF3C426B5681700ACC511 /* Differentiator */; };
		9F2AF3C826B570EA00ACC511 /* NewsViewController.swift in Sources */ = {isa = PBXBuildFile; fileRef = 9F2AF3C726B570EA00ACC511 /* NewsViewController.swift */; };
		9F2AF3CB26B573E100ACC511 /* UIView+Subviews.swift in Sources */ = {isa = PBXBuildFile; fileRef = 9F2AF3CA26B573E100ACC511 /* UIView+Subviews.swift */; };
		9F2AF3CD26B5764800ACC511 /* NewsViewModel.swift in Sources */ = {isa = PBXBuildFile; fileRef = 9F2AF3CC26B5764800ACC511 /* NewsViewModel.swift */; };
		9F2AF3D126B57A4400ACC511 /* ViewType.swift in Sources */ = {isa = PBXBuildFile; fileRef = 9F2AF3D026B57A4400ACC511 /* ViewType.swift */; };
		9F2AF3D326B57B5D00ACC511 /* ViewModelType.swift in Sources */ = {isa = PBXBuildFile; fileRef = 9F2AF3D226B57B5D00ACC511 /* ViewModelType.swift */; };
		9F2AF3D526B5870800ACC511 /* Reactive+Base.swift in Sources */ = {isa = PBXBuildFile; fileRef = 9F2AF3D426B5870800ACC511 /* Reactive+Base.swift */; };
		9F2AF3D726B587D700ACC511 /* UIView+LayoutAnchor.swift in Sources */ = {isa = PBXBuildFile; fileRef = 9F2AF3D626B587D700ACC511 /* UIView+LayoutAnchor.swift */; };
		9F2AF3D926B5886900ACC511 /* UIColorExtensions.swift in Sources */ = {isa = PBXBuildFile; fileRef = 9F2AF3D826B5886900ACC511 /* UIColorExtensions.swift */; };
		9F2AF3DB26B5898800ACC511 /* NewsTableViewCell.swift in Sources */ = {isa = PBXBuildFile; fileRef = 9F2AF3DA26B5898800ACC511 /* NewsTableViewCell.swift */; };
		9F2AF3DD26B58A7900ACC511 /* UITableView+Reusable.swift in Sources */ = {isa = PBXBuildFile; fileRef = 9F2AF3DC26B58A7900ACC511 /* UITableView+Reusable.swift */; };
		9F2AF3E026B58E0E00ACC511 /* Article.swift in Sources */ = {isa = PBXBuildFile; fileRef = 9F2AF3DF26B58E0E00ACC511 /* Article.swift */; };
/* End PBXBuildFile section */

/* Begin PBXFileReference section */
		9F2AF3A326B5674C00ACC511 /* MVVM+RXSWIFT+API.app */ = {isa = PBXFileReference; explicitFileType = wrapper.application; includeInIndex = 0; path = "MVVM+RXSWIFT+API.app"; sourceTree = BUILT_PRODUCTS_DIR; };
		9F2AF3A626B5674C00ACC511 /* AppDelegate.swift */ = {isa = PBXFileReference; lastKnownFileType = sourcecode.swift; path = AppDelegate.swift; sourceTree = "<group>"; };
		9F2AF3A826B5674C00ACC511 /* SceneDelegate.swift */ = {isa = PBXFileReference; lastKnownFileType = sourcecode.swift; path = SceneDelegate.swift; sourceTree = "<group>"; };
		9F2AF3AF26B5674E00ACC511 /* Assets.xcassets */ = {isa = PBXFileReference; lastKnownFileType = folder.assetcatalog; path = Assets.xcassets; sourceTree = "<group>"; };
		9F2AF3B226B5674E00ACC511 /* Base */ = {isa = PBXFileReference; lastKnownFileType = file.storyboard; name = Base; path = Base.lproj/LaunchScreen.storyboard; sourceTree = "<group>"; };
		9F2AF3B426B5674E00ACC511 /* Info.plist */ = {isa = PBXFileReference; lastKnownFileType = text.plist.xml; path = Info.plist; sourceTree = "<group>"; };
		9F2AF3C726B570EA00ACC511 /* NewsViewController.swift */ = {isa = PBXFileReference; lastKnownFileType = sourcecode.swift; path = NewsViewController.swift; sourceTree = "<group>"; };
		9F2AF3CA26B573E100ACC511 /* UIView+Subviews.swift */ = {isa = PBXFileReference; lastKnownFileType = sourcecode.swift; path = "UIView+Subviews.swift"; sourceTree = "<group>"; };
		9F2AF3CC26B5764800ACC511 /* NewsViewModel.swift */ = {isa = PBXFileReference; lastKnownFileType = sourcecode.swift; path = NewsViewModel.swift; sourceTree = "<group>"; };
		9F2AF3D026B57A4400ACC511 /* ViewType.swift */ = {isa = PBXFileReference; lastKnownFileType = sourcecode.swift; path = ViewType.swift; sourceTree = "<group>"; };
		9F2AF3D226B57B5D00ACC511 /* ViewModelType.swift */ = {isa = PBXFileReference; lastKnownFileType = sourcecode.swift; path = ViewModelType.swift; sourceTree = "<group>"; };
		9F2AF3D426B5870800ACC511 /* Reactive+Base.swift */ = {isa = PBXFileReference; lastKnownFileType = sourcecode.swift; path = "Reactive+Base.swift"; sourceTree = "<group>"; };
		9F2AF3D626B587D700ACC511 /* UIView+LayoutAnchor.swift */ = {isa = PBXFileReference; lastKnownFileType = sourcecode.swift; path = "UIView+LayoutAnchor.swift"; sourceTree = "<group>"; };
		9F2AF3D826B5886900ACC511 /* UIColorExtensions.swift */ = {isa = PBXFileReference; lastKnownFileType = sourcecode.swift; path = UIColorExtensions.swift; sourceTree = "<group>"; };
		9F2AF3DA26B5898800ACC511 /* NewsTableViewCell.swift */ = {isa = PBXFileReference; lastKnownFileType = sourcecode.swift; path = NewsTableViewCell.swift; sourceTree = "<group>"; };
		9F2AF3DC26B58A7900ACC511 /* UITableView+Reusable.swift */ = {isa = PBXFileReference; lastKnownFileType = sourcecode.swift; path = "UITableView+Reusable.swift"; sourceTree = "<group>"; };
		9F2AF3DF26B58E0E00ACC511 /* Article.swift */ = {isa = PBXFileReference; lastKnownFileType = sourcecode.swift; path = Article.swift; sourceTree = "<group>"; };
/* End PBXFileReference section */

/* Begin PBXFrameworksBuildPhase section */
		9F2AF3A026B5674C00ACC511 /* Frameworks */ = {
			isa = PBXFrameworksBuildPhase;
			buildActionMask = 2147483647;
			files = (
				9F2AF3C026B567D200ACC511 /* RxSwift in Frameworks */,
				9F2AF3C526B5681700ACC511 /* Differentiator in Frameworks */,
				9F2AF3C326B5681700ACC511 /* RxDataSources in Frameworks */,
				9F2AF3BE26B567D200ACC511 /* RxCocoa in Frameworks */,
				9F2AF3BC26B567D200ACC511 /* RxRelay in Frameworks */,
			);
			runOnlyForDeploymentPostprocessing = 0;
		};
/* End PBXFrameworksBuildPhase section */

/* Begin PBXGroup section */
		9F2AF39A26B5674C00ACC511 = {
			isa = PBXGroup;
			children = (
				9F2AF3A526B5674C00ACC511 /* MVVM+RXSWIFT+API */,
				9F2AF3A426B5674C00ACC511 /* Products */,
			);
			sourceTree = "<group>";
		};
		9F2AF3A426B5674C00ACC511 /* Products */ = {
			isa = PBXGroup;
			children = (
				9F2AF3A326B5674C00ACC511 /* MVVM+RXSWIFT+API.app */,
			);
			name = Products;
			sourceTree = "<group>";
		};
		9F2AF3A526B5674C00ACC511 /* MVVM+RXSWIFT+API */ = {
			isa = PBXGroup;
			children = (
				9F2AF3A626B5674C00ACC511 /* AppDelegate.swift */,
				9F2AF3A826B5674C00ACC511 /* SceneDelegate.swift */,
				9F2AF3CF26B57A2F00ACC511 /* Base */,
				9F2AF3CE26B5765900ACC511 /* Main */,
				9F2AF3DE26B58E0500ACC511 /* Model */,
				9F2AF3C926B573AB00ACC511 /* Utility */,
				9F2AF3C626B56F6B00ACC511 /* Resources */,
			);
			path = "MVVM+RXSWIFT+API";
			sourceTree = "<group>";
		};
		9F2AF3C626B56F6B00ACC511 /* Resources */ = {
			isa = PBXGroup;
			children = (
				9F2AF3AF26B5674E00ACC511 /* Assets.xcassets */,
				9F2AF3B126B5674E00ACC511 /* LaunchScreen.storyboard */,
				9F2AF3B426B5674E00ACC511 /* Info.plist */,
			);
			path = Resources;
			sourceTree = "<group>";
		};
		9F2AF3C926B573AB00ACC511 /* Utility */ = {
			isa = PBXGroup;
			children = (
				9F2AF3D426B5870800ACC511 /* Reactive+Base.swift */,
				9F2AF3CA26B573E100ACC511 /* UIView+Subviews.swift */,
				9F2AF3D626B587D700ACC511 /* UIView+LayoutAnchor.swift */,
				9F2AF3D826B5886900ACC511 /* UIColorExtensions.swift */,
				9F2AF3DC26B58A7900ACC511 /* UITableView+Reusable.swift */,
			);
			path = Utility;
			sourceTree = "<group>";
		};
		9F2AF3CE26B5765900ACC511 /* Main */ = {
			isa = PBXGroup;
			children = (
				9F2AF3C726B570EA00ACC511 /* NewsViewController.swift */,
				9F2AF3CC26B5764800ACC511 /* NewsViewModel.swift */,
				9F2AF3DA26B5898800ACC511 /* NewsTableViewCell.swift */,
			);
			path = Main;
			sourceTree = "<group>";
		};
		9F2AF3CF26B57A2F00ACC511 /* Base */ = {
			isa = PBXGroup;
			children = (
				9F2AF3D026B57A4400ACC511 /* ViewType.swift */,
				9F2AF3D226B57B5D00ACC511 /* ViewModelType.swift */,
			);
			path = Base;
			sourceTree = "<group>";
		};
		9F2AF3DE26B58E0500ACC511 /* Model */ = {
			isa = PBXGroup;
			children = (
				9F2AF3DF26B58E0E00ACC511 /* Article.swift */,
			);
			path = Model;
			sourceTree = "<group>";
		};
/* End PBXGroup section */

/* Begin PBXNativeTarget section */
		9F2AF3A226B5674C00ACC511 /* MVVM+RXSWIFT+API */ = {
			isa = PBXNativeTarget;
			buildConfigurationList = 9F2AF3B726B5674E00ACC511 /* Build configuration list for PBXNativeTarget "MVVM+RXSWIFT+API" */;
			buildPhases = (
				9F2AF39F26B5674C00ACC511 /* Sources */,
				9F2AF3A026B5674C00ACC511 /* Frameworks */,
				9F2AF3A126B5674C00ACC511 /* Resources */,
			);
			buildRules = (
			);
			dependencies = (
			);
			name = "MVVM+RXSWIFT+API";
			packageProductDependencies = (
				9F2AF3BB26B567D200ACC511 /* RxRelay */,
				9F2AF3BD26B567D200ACC511 /* RxCocoa */,
				9F2AF3BF26B567D200ACC511 /* RxSwift */,
				9F2AF3C226B5681700ACC511 /* RxDataSources */,
				9F2AF3C426B5681700ACC511 /* Differentiator */,
			);
			productName = "MVVM+RXSWIFT+API";
			productReference = 9F2AF3A326B5674C00ACC511 /* MVVM+RXSWIFT+API.app */;
			productType = "com.apple.product-type.application";
		};
/* End PBXNativeTarget section */

/* Begin PBXProject section */
		9F2AF39B26B5674C00ACC511 /* Project object */ = {
			isa = PBXProject;
			attributes = {
				LastSwiftUpdateCheck = 1250;
				LastUpgradeCheck = 1250;
				TargetAttributes = {
					9F2AF3A226B5674C00ACC511 = {
						CreatedOnToolsVersion = 12.5.1;
					};
				};
			};
			buildConfigurationList = 9F2AF39E26B5674C00ACC511 /* Build configuration list for PBXProject "MVVM+RXSWIFT+API" */;
			compatibilityVersion = "Xcode 9.3";
			developmentRegion = en;
			hasScannedForEncodings = 0;
			knownRegions = (
				en,
				Base,
			);
			mainGroup = 9F2AF39A26B5674C00ACC511;
			packageReferences = (
				9F2AF3BA26B567D200ACC511 /* XCRemoteSwiftPackageReference "RxSwift" */,
				9F2AF3C126B5681700ACC511 /* XCRemoteSwiftPackageReference "RxDataSources" */,
			);
			productRefGroup = 9F2AF3A426B5674C00ACC511 /* Products */;
			projectDirPath = "";
			projectRoot = "";
			targets = (
				9F2AF3A226B5674C00ACC511 /* MVVM+RXSWIFT+API */,
			);
		};
/* End PBXProject section */

/* Begin PBXResourcesBuildPhase section */
		9F2AF3A126B5674C00ACC511 /* Resources */ = {
			isa = PBXResourcesBuildPhase;
			buildActionMask = 2147483647;
			files = (
				9F2AF3B326B5674E00ACC511 /* LaunchScreen.storyboard in Resources */,
				9F2AF3B026B5674E00ACC511 /* Assets.xcassets in Resources */,
			);
			runOnlyForDeploymentPostprocessing = 0;
		};
/* End PBXResourcesBuildPhase section */

/* Begin PBXSourcesBuildPhase section */
		9F2AF39F26B5674C00ACC511 /* Sources */ = {
			isa = PBXSourcesBuildPhase;
			buildActionMask = 2147483647;
			files = (
				9F2AF3E026B58E0E00ACC511 /* Article.swift in Sources */,
				9F2AF3D126B57A4400ACC511 /* ViewType.swift in Sources */,
				9F2AF3DB26B5898800ACC511 /* NewsTableViewCell.swift in Sources */,
				9F2AF3CD26B5764800ACC511 /* NewsViewModel.swift in Sources */,
				9F2AF3C826B570EA00ACC511 /* NewsViewController.swift in Sources */,
				9F2AF3DD26B58A7900ACC511 /* UITableView+Reusable.swift in Sources */,
				9F2AF3D726B587D700ACC511 /* UIView+LayoutAnchor.swift in Sources */,
				9F2AF3A726B5674C00ACC511 /* AppDelegate.swift in Sources */,
				9F2AF3CB26B573E100ACC511 /* UIView+Subviews.swift in Sources */,
				9F2AF3A926B5674C00ACC511 /* SceneDelegate.swift in Sources */,
				9F2AF3D326B57B5D00ACC511 /* ViewModelType.swift in Sources */,
				9F2AF3D526B5870800ACC511 /* Reactive+Base.swift in Sources */,
				9F2AF3D926B5886900ACC511 /* UIColorExtensions.swift in Sources */,
			);
			runOnlyForDeploymentPostprocessing = 0;
		};
/* End PBXSourcesBuildPhase section */

/* Begin PBXVariantGroup section */
		9F2AF3B126B5674E00ACC511 /* LaunchScreen.storyboard */ = {
			isa = PBXVariantGroup;
			children = (
				9F2AF3B226B5674E00ACC511 /* Base */,
			);
			name = LaunchScreen.storyboard;
			sourceTree = "<group>";
		};
/* End PBXVariantGroup section */

/* Begin XCBuildConfiguration section */
		9F2AF3B526B5674E00ACC511 /* Debug */ = {
			isa = XCBuildConfiguration;
			buildSettings = {
				ALWAYS_SEARCH_USER_PATHS = NO;
				CLANG_ANALYZER_NONNULL = YES;
				CLANG_ANALYZER_NUMBER_OBJECT_CONVERSION = YES_AGGRESSIVE;
				CLANG_CXX_LANGUAGE_STANDARD = "gnu++14";
				CLANG_CXX_LIBRARY = "libc++";
				CLANG_ENABLE_MODULES = YES;
				CLANG_ENABLE_OBJC_ARC = YES;
				CLANG_ENABLE_OBJC_WEAK = YES;
				CLANG_WARN_BLOCK_CAPTURE_AUTORELEASING = YES;
				CLANG_WARN_BOOL_CONVERSION = YES;
				CLANG_WARN_COMMA = YES;
				CLANG_WARN_CONSTANT_CONVERSION = YES;
				CLANG_WARN_DEPRECATED_OBJC_IMPLEMENTATIONS = YES;
				CLANG_WARN_DIRECT_OBJC_ISA_USAGE = YES_ERROR;
				CLANG_WARN_DOCUMENTATION_COMMENTS = YES;
				CLANG_WARN_EMPTY_BODY = YES;
				CLANG_WARN_ENUM_CONVERSION = YES;
				CLANG_WARN_INFINITE_RECURSION = YES;
				CLANG_WARN_INT_CONVERSION = YES;
				CLANG_WARN_NON_LITERAL_NULL_CONVERSION = YES;
				CLANG_WARN_OBJC_IMPLICIT_RETAIN_SELF = YES;
				CLANG_WARN_OBJC_LITERAL_CONVERSION = YES;
				CLANG_WARN_OBJC_ROOT_CLASS = YES_ERROR;
				CLANG_WARN_QUOTED_INCLUDE_IN_FRAMEWORK_HEADER = YES;
				CLANG_WARN_RANGE_LOOP_ANALYSIS = YES;
				CLANG_WARN_STRICT_PROTOTYPES = YES;
				CLANG_WARN_SUSPICIOUS_MOVE = YES;
				CLANG_WARN_UNGUARDED_AVAILABILITY = YES_AGGRESSIVE;
				CLANG_WARN_UNREACHABLE_CODE = YES;
				CLANG_WARN__DUPLICATE_METHOD_MATCH = YES;
				COPY_PHASE_STRIP = NO;
				DEBUG_INFORMATION_FORMAT = dwarf;
				ENABLE_STRICT_OBJC_MSGSEND = YES;
				ENABLE_TESTABILITY = YES;
				GCC_C_LANGUAGE_STANDARD = gnu11;
				GCC_DYNAMIC_NO_PIC = NO;
				GCC_NO_COMMON_BLOCKS = YES;
				GCC_OPTIMIZATION_LEVEL = 0;
				GCC_PREPROCESSOR_DEFINITIONS = (
					"DEBUG=1",
					"$(inherited)",
				);
				GCC_WARN_64_TO_32_BIT_CONVERSION = YES;
				GCC_WARN_ABOUT_RETURN_TYPE = YES_ERROR;
				GCC_WARN_UNDECLARED_SELECTOR = YES;
				GCC_WARN_UNINITIALIZED_AUTOS = YES_AGGRESSIVE;
				GCC_WARN_UNUSED_FUNCTION = YES;
				GCC_WARN_UNUSED_VARIABLE = YES;
				IPHONEOS_DEPLOYMENT_TARGET = 14.5;
				MTL_ENABLE_DEBUG_INFO = INCLUDE_SOURCE;
				MTL_FAST_MATH = YES;
				ONLY_ACTIVE_ARCH = YES;
				SDKROOT = iphoneos;
				SWIFT_ACTIVE_COMPILATION_CONDITIONS = DEBUG;
				SWIFT_OPTIMIZATION_LEVEL = "-Onone";
			};
			name = Debug;
		};
		9F2AF3B626B5674E00ACC511 /* Release */ = {
			isa = XCBuildConfiguration;
			buildSettings = {
				ALWAYS_SEARCH_USER_PATHS = NO;
				CLANG_ANALYZER_NONNULL = YES;
				CLANG_ANALYZER_NUMBER_OBJECT_CONVERSION = YES_AGGRESSIVE;
				CLANG_CXX_LANGUAGE_STANDARD = "gnu++14";
				CLANG_CXX_LIBRARY = "libc++";
				CLANG_ENABLE_MODULES = YES;
				CLANG_ENABLE_OBJC_ARC = YES;
				CLANG_ENABLE_OBJC_WEAK = YES;
				CLANG_WARN_BLOCK_CAPTURE_AUTORELEASING = YES;
				CLANG_WARN_BOOL_CONVERSION = YES;
				CLANG_WARN_COMMA = YES;
				CLANG_WARN_CONSTANT_CONVERSION = YES;
				CLANG_WARN_DEPRECATED_OBJC_IMPLEMENTATIONS = YES;
				CLANG_WARN_DIRECT_OBJC_ISA_USAGE = YES_ERROR;
				CLANG_WARN_DOCUMENTATION_COMMENTS = YES;
				CLANG_WARN_EMPTY_BODY = YES;
				CLANG_WARN_ENUM_CONVERSION = YES;
				CLANG_WARN_INFINITE_RECURSION = YES;
				CLANG_WARN_INT_CONVERSION = YES;
				CLANG_WARN_NON_LITERAL_NULL_CONVERSION = YES;
				CLANG_WARN_OBJC_IMPLICIT_RETAIN_SELF = YES;
				CLANG_WARN_OBJC_LITERAL_CONVERSION = YES;
				CLANG_WARN_OBJC_ROOT_CLASS = YES_ERROR;
				CLANG_WARN_QUOTED_INCLUDE_IN_FRAMEWORK_HEADER = YES;
				CLANG_WARN_RANGE_LOOP_ANALYSIS = YES;
				CLANG_WARN_STRICT_PROTOTYPES = YES;
				CLANG_WARN_SUSPICIOUS_MOVE = YES;
				CLANG_WARN_UNGUARDED_AVAILABILITY = YES_AGGRESSIVE;
				CLANG_WARN_UNREACHABLE_CODE = YES;
				CLANG_WARN__DUPLICATE_METHOD_MATCH = YES;
				COPY_PHASE_STRIP = NO;
				DEBUG_INFORMATION_FORMAT = "dwarf-with-dsym";
				ENABLE_NS_ASSERTIONS = NO;
				ENABLE_STRICT_OBJC_MSGSEND = YES;
				GCC_C_LANGUAGE_STANDARD = gnu11;
				GCC_NO_COMMON_BLOCKS = YES;
				GCC_WARN_64_TO_32_BIT_CONVERSION = YES;
				GCC_WARN_ABOUT_RETURN_TYPE = YES_ERROR;
				GCC_WARN_UNDECLARED_SELECTOR = YES;
				GCC_WARN_UNINITIALIZED_AUTOS = YES_AGGRESSIVE;
				GCC_WARN_UNUSED_FUNCTION = YES;
				GCC_WARN_UNUSED_VARIABLE = YES;
				IPHONEOS_DEPLOYMENT_TARGET = 14.5;
				MTL_ENABLE_DEBUG_INFO = NO;
				MTL_FAST_MATH = YES;
				SDKROOT = iphoneos;
				SWIFT_COMPILATION_MODE = wholemodule;
				SWIFT_OPTIMIZATION_LEVEL = "-O";
				VALIDATE_PRODUCT = YES;
			};
			name = Release;
		};
		9F2AF3B826B5674E00ACC511 /* Debug */ = {
			isa = XCBuildConfiguration;
			buildSettings = {
				ASSETCATALOG_COMPILER_APPICON_NAME = AppIcon;
				ASSETCATALOG_COMPILER_GLOBAL_ACCENT_COLOR_NAME = AccentColor;
				CODE_SIGN_STYLE = Automatic;
				DEVELOPMENT_TEAM = 4L2695C228;
				INFOPLIST_FILE = "MVVM+RXSWIFT+API/Resources/Info.plist";
				LD_RUNPATH_SEARCH_PATHS = (
					"$(inherited)",
					"@executable_path/Frameworks",
				);
				PRODUCT_BUNDLE_IDENTIFIER = "com.tedhyeong.MVVM-RXSWIFT-API";
				PRODUCT_NAME = "$(TARGET_NAME)";
				SWIFT_VERSION = 5.0;
				TARGETED_DEVICE_FAMILY = "1,2";
			};
			name = Debug;
		};
		9F2AF3B926B5674E00ACC511 /* Release */ = {
			isa = XCBuildConfiguration;
			buildSettings = {
				ASSETCATALOG_COMPILER_APPICON_NAME = AppIcon;
				ASSETCATALOG_COMPILER_GLOBAL_ACCENT_COLOR_NAME = AccentColor;
				CODE_SIGN_STYLE = Automatic;
				DEVELOPMENT_TEAM = 4L2695C228;
				INFOPLIST_FILE = "MVVM+RXSWIFT+API/Resources/Info.plist";
				LD_RUNPATH_SEARCH_PATHS = (
					"$(inherited)",
					"@executable_path/Frameworks",
				);
				PRODUCT_BUNDLE_IDENTIFIER = "com.tedhyeong.MVVM-RXSWIFT-API";
				PRODUCT_NAME = "$(TARGET_NAME)";
				SWIFT_VERSION = 5.0;
				TARGETED_DEVICE_FAMILY = "1,2";
			};
			name = Release;
		};
/* End XCBuildConfiguration section */

/* Begin XCConfigurationList section */
		9F2AF39E26B5674C00ACC511 /* Build configuration list for PBXProject "MVVM+RXSWIFT+API" */ = {
			isa = XCConfigurationList;
			buildConfigurations = (
				9F2AF3B526B5674E00ACC511 /* Debug */,
				9F2AF3B626B5674E00ACC511 /* Release */,
			);
			defaultConfigurationIsVisible = 0;
			defaultConfigurationName = Release;
		};
		9F2AF3B726B5674E00ACC511 /* Build configuration list for PBXNativeTarget "MVVM+RXSWIFT+API" */ = {
			isa = XCConfigurationList;
			buildConfigurations = (
				9F2AF3B826B5674E00ACC511 /* Debug */,
				9F2AF3B926B5674E00ACC511 /* Release */,
			);
			defaultConfigurationIsVisible = 0;
			defaultConfigurationName = Release;
		};
/* End XCConfigurationList section */

/* Begin XCRemoteSwiftPackageReference section */
		9F2AF3BA26B567D200ACC511 /* XCRemoteSwiftPackageReference "RxSwift" */ = {
			isa = XCRemoteSwiftPackageReference;
			repositoryURL = "https://github.com/ReactiveX/RxSwift.git";
			requirement = {
				kind = upToNextMajorVersion;
				minimumVersion = 6.2.0;
			};
		};
		9F2AF3C126B5681700ACC511 /* XCRemoteSwiftPackageReference "RxDataSources" */ = {
			isa = XCRemoteSwiftPackageReference;
			repositoryURL = "https://github.com/RxSwiftCommunity/RxDataSources.git";
			requirement = {
				kind = upToNextMajorVersion;
				minimumVersion = 5.0.1;
			};
		};
/* End XCRemoteSwiftPackageReference section */

/* Begin XCSwiftPackageProductDependency section */
		9F2AF3BB26B567D200ACC511 /* RxRelay */ = {
			isa = XCSwiftPackageProductDependency;
			package = 9F2AF3BA26B567D200ACC511 /* XCRemoteSwiftPackageReference "RxSwift" */;
			productName = RxRelay;
		};
		9F2AF3BD26B567D200ACC511 /* RxCocoa */ = {
			isa = XCSwiftPackageProductDependency;
			package = 9F2AF3BA26B567D200ACC511 /* XCRemoteSwiftPackageReference "RxSwift" */;
			productName = RxCocoa;
		};
		9F2AF3BF26B567D200ACC511 /* RxSwift */ = {
			isa = XCSwiftPackageProductDependency;
			package = 9F2AF3BA26B567D200ACC511 /* XCRemoteSwiftPackageReference "RxSwift" */;
			productName = RxSwift;
		};
		9F2AF3C226B5681700ACC511 /* RxDataSources */ = {
			isa = XCSwiftPackageProductDependency;
			package = 9F2AF3C126B5681700ACC511 /* XCRemoteSwiftPackageReference "RxDataSources" */;
			productName = RxDataSources;
		};
		9F2AF3C426B5681700ACC511 /* Differentiator */ = {
			isa = XCSwiftPackageProductDependency;
			package = 9F2AF3C126B5681700ACC511 /* XCRemoteSwiftPackageReference "RxDataSources" */;
			productName = Differentiator;
		};
/* End XCSwiftPackageProductDependency section */
	};
	rootObject = 9F2AF39B26B5674C00ACC511 /* Project object */;
}
